
Microsoft Visual Studio Solution File, Format Version 12.00
# Visual Studio Version 17
VisualStudioVersion = 17.4.33213.308
MinimumVisualStudioVersion = 10.0.40219.1
Project("{FAE04EC0-301F-11D3-BF4B-00C04F79EFBC}") = "poligon202610a", "poligon202610a.csproj", "{45E4D137-E62B-45AD-BBCA-2A4CEEB85689}"
EndProject
Global
	GlobalSection(SolutionConfigurationPlatforms) = preSolution
		Debug|Any CPU = Debug|Any CPU
		Release|Any CPU = Release|Any CPU
	EndGlobalSection
	GlobalSection(ProjectConfigurationPlatforms) = postSolution
		{45E4D137-E62B-45AD-BBCA-2A4CEEB85689}.Debug|Any CPU.ActiveCfg = Debug|Any CPU
		{45E4D137-E62B-45AD-BBCA-2A4CEEB85689}.Debug|Any CPU.Build.0 = Debug|Any CPU
		{45E4D137-E62B-45AD-BBCA-2A4CEEB85689}.Release|Any CPU.ActiveCfg = Release|Any CPU
		{45E4D137-E62B-45AD-BBCA-2A4CEEB85689}.Release|Any CPU.Build.0 = Release|Any CPU
	EndGlobalSection
	GlobalSection(SolutionProperties) = preSolution
		HideSolutionNode = FALSE
	EndGlobalSection
	GlobalSection(ExtensibilityGlobals) = postSolution
		SolutionGuid = {ECF33624-9E7C-4891-ADC5-D7DCF7DB0B0F}
	EndGlobalSection
EndGlobal
